{
  "name": "FreeCourse",
  "lockfileVersion": 2,
  "requires": true,
  "packages": {
    "": {
      "dependencies": {
        "sweetalert2": "^11.6.6"
      }
    },
    "node_modules/sweetalert2": {
      "version": "11.6.6",
      "resolved": "https://registry.npmjs.org/sweetalert2/-/sweetalert2-11.6.6.tgz",
      "integrity": "sha512-HSHYnhvdNVa0nTS1hfhocZXd8u6qptyPtU2LIgrueS2SpHmPMA0Z3J2FLpjqKRYgznbPgSAQ7Z9SJTf1cV4PXg==",
      "funding": {
        "type": "individual",
        "url": "https://github.com/sponsors/limonte"
      }
    }
  },
  "dependencies": {
    "sweetalert2": {
      "version": "11.6.6",
      "resolved": "https://registry.npmjs.org/sweetalert2/-/sweetalert2-11.6.6.tgz",
      "integrity": "sha512-HSHYnhvdNVa0nTS1hfhocZXd8u6qptyPtU2LIgrueS2SpHmPMA0Z3J2FLpjqKRYgznbPgSAQ7Z9SJTf1cV4PXg=="
    }
  }
}
